
Microsoft Visual Studio Solution File, Format Version 12.00
# Visual Studio Version 16
VisualStudioVersion = 16.0.30104.148
MinimumVisualStudioVersion = 10.0.40219.1
Project("{9A19103F-16F7-4668-BE54-9A1E7A4F7556}") = "UniversityMvcProject", "UniversityMvcProject\UniversityMvcProject.csproj", "{28135CED-BC04-4129-B1AE-C50070FB723C}"
EndProject
Project("{FAE04EC0-301F-11D3-BF4B-00C04F79EFBC}") = "UniversityMvcProject.Data", "UniversityMvcProject.Data\UniversityMvcProject.Data.csproj", "{C4A1936E-CBCE-4A64-83DC-7F77225E51F7}"
EndProject
Global
	GlobalSection(SolutionConfigurationPlatforms) = preSolution
		Debug|Any CPU = Debug|Any CPU
		Release|Any CPU = Release|Any CPU
	EndGlobalSection
	GlobalSection(ProjectConfigurationPlatforms) = postSolution
		{28135CED-BC04-4129-B1AE-C50070FB723C}.Debug|Any CPU.ActiveCfg = Debug|Any CPU
		{28135CED-BC04-4129-B1AE-C50070FB723C}.Debug|Any CPU.Build.0 = Debug|Any CPU
		{28135CED-BC04-4129-B1AE-C50070FB723C}.Release|Any CPU.ActiveCfg = Release|Any CPU
		{28135CED-BC04-4129-B1AE-C50070FB723C}.Release|Any CPU.Build.0 = Release|Any CPU
		{C4A1936E-CBCE-4A64-83DC-7F77225E51F7}.Debug|Any CPU.ActiveCfg = Debug|Any CPU
		{C4A1936E-CBCE-4A64-83DC-7F77225E51F7}.Debug|Any CPU.Build.0 = Debug|Any CPU
		{C4A1936E-CBCE-4A64-83DC-7F77225E51F7}.Release|Any CPU.ActiveCfg = Release|Any CPU
		{C4A1936E-CBCE-4A64-83DC-7F77225E51F7}.Release|Any CPU.Build.0 = Release|Any CPU
	EndGlobalSection
	GlobalSection(SolutionProperties) = preSolution
		HideSolutionNode = FALSE
	EndGlobalSection
	GlobalSection(ExtensibilityGlobals) = postSolution
		SolutionGuid = {E61FB590-767D-4B0A-BFD7-00E5D90E7EFA}
	EndGlobalSection
EndGlobal
